{
  "version": 4,
  "terraform_version": "1.1.4",
  "serial": 28,
  "lineage": "f8543f7d-c636-0a0c-1a78-13416931ea59",
  "outputs": {},
  "resources": [
    {
      "mode": "managed",
      "type": "google_bigquery_dataset",
      "name": "dataset",
      "provider": "provider[\"registry.terraform.io/hashicorp/google\"]",
      "instances": [
        {
          "schema_version": 0,
          "attributes": {
            "access": [
              {
                "domain": "",
                "group_by_email": "",
                "role": "OWNER",
                "special_group": "",
                "user_by_email": "gglgive@gmail.com",
                "view": []
              },
              {
                "domain": "",
                "group_by_email": "",
                "role": "OWNER",
                "special_group": "projectOwners",
                "user_by_email": "",
                "view": []
              },
              {
                "domain": "",
                "group_by_email": "",
                "role": "READER",
                "special_group": "projectReaders",
                "user_by_email": "",
                "view": []
              },
              {
                "domain": "",
                "group_by_email": "",
                "role": "WRITER",
                "special_group": "projectWriters",
                "user_by_email": "",
                "view": []
              }
            ],
            "creation_time": 1648339711613,
            "dataset_id": "f1_data_all",
            "default_encryption_configuration": [],
            "default_partition_expiration_ms": 0,
            "default_table_expiration_ms": 0,
            "delete_contents_on_destroy": false,
            "description": "",
            "etag": "YLQGQ4eM38D1RQgGQBgfhA==",
            "friendly_name": "",
            "id": "projects/zoomcampproject/datasets/f1_data_all",
            "labels": {},
            "last_modified_time": 1648339711613,
            "location": "europe-central2",
            "project": "zoomcampproject",
            "self_link": "https://bigquery.googleapis.com/bigquery/v2/projects/zoomcampproject/datasets/f1_data_all",
            "timeouts": null
          },
          "sensitive_attributes": [],
          "private": "eyJlMmJmYjczMC1lY2FhLTExZTYtOGY4OC0zNDM2M2JjN2M0YzAiOnsiY3JlYXRlIjoyNDAwMDAwMDAwMDAsImRlbGV0ZSI6MjQwMDAwMDAwMDAwLCJ1cGRhdGUiOjI0MDAwMDAwMDAwMH19"
        }
      ]
    }
  ]
}
